Microsoft Visual Studio Solution File, Format Version 12.00
# Visual Studio Version 17
VisualStudioVersion = 17.14.36616.10
MinimumVisualStudioVersion = 10.0.40219.1
Project("{58321FDE-E471-4141-9A2A-5B3D2AC88A37}") = "DeployableAeroSurfaces", "DeployableAeroSurfaces.csproj", "{73E424DB-8D8D-4621-A2E5-44C819CA4C75}"
EndProject
Global
	GlobalSection(SolutionConfigurationPlatforms) = preSolution
		Debug|Any CPU = Debug|Any CPU
		Release|Any CPU = Release|Any CPU
	EndGlobalSection
	GlobalSection(ProjectConfigurationPlatforms) = postSolution
		{73E424DB-8D8D-4621-A2E5-44C819CA4C75}.Debug|Any CPU.ActiveCfg = Debug|Any CPU
		{73E424DB-8D8D-4621-A2E5-44C819CA4C75}.Debug|Any CPU.Build.0 = Debug|Any CPU
		{73E424DB-8D8D-4621-A2E5-44C819CA4C75}.Release|Any CPU.ActiveCfg = Release|Any CPU
		{73E424DB-8D8D-4621-A2E5-44C819CA4C75}.Release|Any CPU.Build.0 = Release|Any CPU
	EndGlobalSection
	GlobalSection(SolutionProperties) = preSolution
		HideSolutionNode = FALSE
	EndGlobalSection
	GlobalSection(ExtensibilityGlobals) = postSolution
		SolutionGuid = {F90E25AF-795A-4137-9D80-1685582FBFE8}
	EndGlobalSection
EndGlobal
